{
    "_readme": [
        "This file locks the dependencies of your project to a known state",
        "Read more about it at http://getcomposer.org/doc/01-basic-usage.md#composer-lock-the-lock-file",
        "This file is @generated automatically"
    ],
    "hash": "502dd9d58d4a008ffd09b7bc83952b98",
    "packages": [
        {
            "name": "liftkit/dependency-injection",
            "version": "dev-master",
            "source": {
                "type": "git",
                "url": "https://github.com/liftkit/dependency-injection",
                "reference": "866d22978cc027c3173ca0a72f099b40cbce53ae"
            },
            "type": "library",
            "autoload": {
                "psr-4": {
                    "LiftKit\\DependencyInjection\\": "src/"
                }
            },
            "license": [
                "LGP-2.1"
            ],
            "authors": [
                {
                    "name": "Ryan Williams",
                    "email": "rwilliams@stream9.net",
                    "homepage": "https://www.stream9.net",
                    "role": "Developer"
                }
            ],
            "description": "Dependency injection library for LiftKit",
            "time": "2015-02-16 16:49:21"
        }
    ],
    "packages-dev": [],
    "aliases": [],
    "minimum-stability": "stable",
    "stability-flags": {
        "liftkit/dependency-injection": 20
    },
    "prefer-stable": false,
    "prefer-lowest": false,
    "platform": [],
    "platform-dev": []
}
